
Microsoft Visual Studio Solution File, Format Version 12.00
# Visual Studio Version 16
VisualStudioVersion = 16.0.32126.315
MinimumVisualStudioVersion = 10.0.40219.1
Project("{FAE04EC0-301F-11D3-BF4B-00C04F79EFBC}") = "ProductRecallSystem.BOL", "ProductRecallSystem.BOL\ProductRecallSystem.BOL.csproj", "{C08AC9D1-B814-4866-A3D8-692012DB5093}"
EndProject
Project("{FAE04EC0-301F-11D3-BF4B-00C04F79EFBC}") = "ProductRecallSystem.DAL", "ProductRecallSystem.DAL\ProductRecallSystem.DAL.csproj", "{99024DAA-0B63-4559-AACD-D30196DECF2D}"
EndProject
Project("{FAE04EC0-301F-11D3-BF4B-00C04F79EFBC}") = "ProductRecallSystem.API", "ProductRecallSystem.API\ProductRecallSystem.API.csproj", "{A51D81A4-205A-451A-8630-1D7718E6FBB1}"
EndProject
Project("{FAE04EC0-301F-11D3-BF4B-00C04F79EFBC}") = "ProductRecallSystem.BLL", "ProductRecallSystem.BLL\ProductRecallSystem.BLL.csproj", "{BACE9A24-BB00-4670-92B5-E4D8CA46DC7A}"
EndProject
Project("{FAE04EC0-301F-11D3-BF4B-00C04F79EFBC}") = "ProductRecallSystem.Web", "ProductRecallSystem.Web\ProductRecallSystem.Web.csproj", "{4721E415-0835-4609-9D1D-E19E51048629}"
EndProject
Global
	GlobalSection(SolutionConfigurationPlatforms) = preSolution
		Debug|Any CPU = Debug|Any CPU
		Release|Any CPU = Release|Any CPU
	EndGlobalSection
	GlobalSection(ProjectConfigurationPlatforms) = postSolution
		{C08AC9D1-B814-4866-A3D8-692012DB5093}.Debug|Any CPU.ActiveCfg = Debug|Any CPU
		{C08AC9D1-B814-4866-A3D8-692012DB5093}.Debug|Any CPU.Build.0 = Debug|Any CPU
		{C08AC9D1-B814-4866-A3D8-692012DB5093}.Release|Any CPU.ActiveCfg = Release|Any CPU
		{C08AC9D1-B814-4866-A3D8-692012DB5093}.Release|Any CPU.Build.0 = Release|Any CPU
		{99024DAA-0B63-4559-AACD-D30196DECF2D}.Debug|Any CPU.ActiveCfg = Debug|Any CPU
		{99024DAA-0B63-4559-AACD-D30196DECF2D}.Debug|Any CPU.Build.0 = Debug|Any CPU
		{99024DAA-0B63-4559-AACD-D30196DECF2D}.Release|Any CPU.ActiveCfg = Release|Any CPU
		{99024DAA-0B63-4559-AACD-D30196DECF2D}.Release|Any CPU.Build.0 = Release|Any CPU
		{A51D81A4-205A-451A-8630-1D7718E6FBB1}.Debug|Any CPU.ActiveCfg = Debug|Any CPU
		{A51D81A4-205A-451A-8630-1D7718E6FBB1}.Debug|Any CPU.Build.0 = Debug|Any CPU
		{A51D81A4-205A-451A-8630-1D7718E6FBB1}.Release|Any CPU.ActiveCfg = Release|Any CPU
		{A51D81A4-205A-451A-8630-1D7718E6FBB1}.Release|Any CPU.Build.0 = Release|Any CPU
		{BACE9A24-BB00-4670-92B5-E4D8CA46DC7A}.Debug|Any CPU.ActiveCfg = Debug|Any CPU
		{BACE9A24-BB00-4670-92B5-E4D8CA46DC7A}.Debug|Any CPU.Build.0 = Debug|Any CPU
		{BACE9A24-BB00-4670-92B5-E4D8CA46DC7A}.Release|Any CPU.ActiveCfg = Release|Any CPU
		{BACE9A24-BB00-4670-92B5-E4D8CA46DC7A}.Release|Any CPU.Build.0 = Release|Any CPU
		{4721E415-0835-4609-9D1D-E19E51048629}.Debug|Any CPU.ActiveCfg = Debug|Any CPU
		{4721E415-0835-4609-9D1D-E19E51048629}.Debug|Any CPU.Build.0 = Debug|Any CPU
		{4721E415-0835-4609-9D1D-E19E51048629}.Release|Any CPU.ActiveCfg = Release|Any CPU
		{4721E415-0835-4609-9D1D-E19E51048629}.Release|Any CPU.Build.0 = Release|Any CPU
	EndGlobalSection
	GlobalSection(SolutionProperties) = preSolution
		HideSolutionNode = FALSE
	EndGlobalSection
	GlobalSection(ExtensibilityGlobals) = postSolution
		SolutionGuid = {76949845-9A6F-4419-9634-CF5006D52124}
	EndGlobalSection
EndGlobal
